<?xml version="1.0" encoding="utf-8"?>
<Project xmlns="http://schemas.microsoft.com/developer/msbuild/2003">
  <ItemGroup>
    <Filter Include="Form Files">
      <UniqueIdentifier>{99349809-55BA-4b9d-BF79-8FDBB0286EB3}</UniqueIdentifier>
      <Extensions>ui</Extensions>
      <ParseFiles>false</ParseFiles>
    </Filter>
    <Filter Include="Form Files">
      <UniqueIdentifier>{99349809-55BA-4b9d-BF79-8FDBB0286EB3}</UniqueIdentifier>
      <Extensions>ui</Extensions>
      <ParseFiles>false</ParseFiles>
    </Filter>
    <Filter Include="Generated Files">
      <UniqueIdentifier>{71ED8ED8-ACB9-4CE9-BBE1-E00B30144E11}</UniqueIdentifier>
      <Extensions>cpp;c;cxx;moc;h;def;odl;idl;res;</Extensions>
    </Filter>
    <Filter Include="Generated Files">
      <UniqueIdentifier>{71ED8ED8-ACB9-4CE9-BBE1-E00B30144E11}</UniqueIdentifier>
      <Extensions>cpp;c;cxx;moc;h;def;odl;idl;res;</Extensions>
    </Filter>
    <Filter Include="Header Files">
      <UniqueIdentifier>{93995380-89BD-4b04-88EB-625FBE52EBFB}</UniqueIdentifier>
      <Extensions>h;hpp;hxx;hm;inl;inc;xsd</Extensions>
    </Filter>
    <Filter Include="Header Files">
      <UniqueIdentifier>{93995380-89BD-4b04-88EB-625FBE52EBFB}</UniqueIdentifier>
      <Extensions>h;hpp;hxx;hm;inl;inc;xsd</Extensions>
    </Filter>
    <Filter Include="Source Files">
      <UniqueIdentifier>{4FC737F1-C7A5-4376-A066-2A32D752A2FF}</UniqueIdentifier>
      <Extensions>cpp;c;cxx;def;odl;idl;hpj;bat;asm;asmx</Extensions>
    </Filter>
    <Filter Include="Source Files">
      <UniqueIdentifier>{4FC737F1-C7A5-4376-A066-2A32D752A2FF}</UniqueIdentifier>
      <Extensions>cpp;c;cxx;def;odl;idl;hpj;bat;asm;asmx</Extensions>
    </Filter>
  </ItemGroup>
  <ItemGroup>
    <ClCompile Include="Login.cpp">
      <Filter>Source Files</Filter>
    </ClCompile>
    <ClCompile Include="MainGUI.cpp">
      <Filter>Source Files</Filter>
    </ClCompile>
    <ClCompile Include="Message.cpp">
      <Filter>Source Files</Filter>
    </ClCompile>
    <ClCompile Include="Packet.cpp">
      <Filter>Source Files</Filter>
    </ClCompile>
    <ClCompile Include="PetAdopter.cpp">
      <Filter>Source Files</Filter>
    </ClCompile>
    <ClCompile Include="PetAdopterWindow.cpp">
      <Filter>Source Files</Filter>
    </ClCompile>
    <ClCompile Include="PetPost.cpp">
      <Filter>Source Files</Filter>
    </ClCompile>
    <ClCompile Include="PetSeller.cpp">
      <Filter>Source Files</Filter>
    </ClCompile>
    <ClCompile Include="ProvinceEnum.cpp">
      <Filter>Source Files</Filter>
    </ClCompile>
    <ClCompile Include="UserProfile.cpp">
      <Filter>Source Files</Filter>
    </ClCompile>
    <ClCompile Include="commonloginwindow.cpp">
      <Filter>Source Files</Filter>
    </ClCompile>
    <ClCompile Include="pet_seller_window.cpp">
      <Filter>Source Files</Filter>
    </ClCompile>
    <ClCompile Include="petadopterprofilewindow.cpp">
      <Filter>Source Files</Filter>
    </ClCompile>
    <ClCompile Include="petinfowindow.cpp">
      <Filter>Source Files</Filter>
    </ClCompile>
    <ClCompile Include="petsellerprofilewindow.cpp">
      <Filter>Source Files</Filter>
    </ClCompile>
    <ClCompile Include="postpagewindow.cpp">
      <Filter>Source Files</Filter>
    </ClCompile>
    <ClCompile Include="welcomewindow.cpp">
      <Filter>Source Files</Filter>
    </ClCompile>
  </ItemGroup>
  <ItemGroup>
    <ClInclude Include="Login.h">
      <Filter>Header Files</Filter>
    </ClInclude>
    <ClInclude Include="Message.h">
      <Filter>Header Files</Filter>
    </ClInclude>
    <ClInclude Include="Packet.h">
      <Filter>Header Files</Filter>
    </ClInclude>
    <ClInclude Include="PetAdopter.h">
      <Filter>Header Files</Filter>
    </ClInclude>
    <QtMoc Include="PetAdopterWindow.h">
      <Filter>Header Files</Filter>
    </QtMoc>
    <ClInclude Include="PetPost.h">
      <Filter>Header Files</Filter>
    </ClInclude>
    <ClInclude Include="PetSeller.h">
      <Filter>Header Files</Filter>
    </ClInclude>
    <ClInclude Include="ProvinceEnum.h">
      <Filter>Header Files</Filter>
    </ClInclude>
    <ClInclude Include="UserProfile.h">
      <Filter>Header Files</Filter>
    </ClInclude>
    <QtMoc Include="commonloginwindow.h">
      <Filter>Header Files</Filter>
    </QtMoc>
    <QtMoc Include="pet_seller_window.h">
      <Filter>Header Files</Filter>
    </QtMoc>
    <QtMoc Include="petadopterprofilewindow.h">
      <Filter>Header Files</Filter>
    </QtMoc>
    <QtMoc Include="petinfowindow.h">
      <Filter>Header Files</Filter>
    </QtMoc>
    <QtMoc Include="petsellerprofilewindow.h">
      <Filter>Header Files</Filter>
    </QtMoc>
    <QtMoc Include="postpagewindow.h">
      <Filter>Header Files</Filter>
    </QtMoc>
    <QtMoc Include="welcomewindow.h">
      <Filter>Header Files</Filter>
    </QtMoc>
  </ItemGroup>
  <ItemGroup>
    <CustomBuild Include="debug\moc_predefs.h.cbt">
      <Filter>Generated Files</Filter>
    </CustomBuild>
    <CustomBuild Include="release\moc_predefs.h.cbt">
      <Filter>Generated Files</Filter>
    </CustomBuild>
  </ItemGroup>
  <ItemGroup>
    <QtUic Include="PetAdopterWindow.ui">
      <Filter>Form Files</Filter>
    </QtUic>
    <QtUic Include="commonloginwindow.ui">
      <Filter>Form Files</Filter>
    </QtUic>
    <QtUic Include="pet_seller_window.ui">
      <Filter>Form Files</Filter>
    </QtUic>
    <QtUic Include="petadopterprofilewindow.ui">
      <Filter>Form Files</Filter>
    </QtUic>
    <QtUic Include="petinfowindow.ui">
      <Filter>Form Files</Filter>
    </QtUic>
    <QtUic Include="petsellerprofilewindow.ui">
      <Filter>Form Files</Filter>
    </QtUic>
    <QtUic Include="postpagewindow.ui">
      <Filter>Form Files</Filter>
    </QtUic>
    <QtUic Include="welcomewindow.ui">
      <Filter>Form Files</Filter>
    </QtUic>
  </ItemGroup>
</Project>